
Microsoft Visual Studio Solution File, Format Version 12.00
# Visual Studio Version 16
VisualStudioVersion = 16.0.29025.244
MinimumVisualStudioVersion = 10.0.40219.1
Project("{9A19103F-16F7-4668-BE54-9A1E7A4F7556}") = "Nutshell_uvod", "Nutshell_uvod\Nutshell_uvod.csproj", "{A8927FF3-8F02-40FF-8D29-CA2F737158C4}"
EndProject
Project("{FAE04EC0-301F-11D3-BF4B-00C04F79EFBC}") = "AdvancedNutchell", "AdvancedNutchell\AdvancedNutchell.csproj", "{2DE3110E-DB31-46A8-8A47-4E75E7064993}"
EndProject
Global
	GlobalSection(SolutionConfigurationPlatforms) = preSolution
		Debug|Any CPU = Debug|Any CPU
		Release|Any CPU = Release|Any CPU
	EndGlobalSection
	GlobalSection(ProjectConfigurationPlatforms) = postSolution
		{A8927FF3-8F02-40FF-8D29-CA2F737158C4}.Debug|Any CPU.ActiveCfg = Debug|Any CPU
		{A8927FF3-8F02-40FF-8D29-CA2F737158C4}.Debug|Any CPU.Build.0 = Debug|Any CPU
		{A8927FF3-8F02-40FF-8D29-CA2F737158C4}.Release|Any CPU.ActiveCfg = Release|Any CPU
		{A8927FF3-8F02-40FF-8D29-CA2F737158C4}.Release|Any CPU.Build.0 = Release|Any CPU
		{2DE3110E-DB31-46A8-8A47-4E75E7064993}.Debug|Any CPU.ActiveCfg = Debug|Any CPU
		{2DE3110E-DB31-46A8-8A47-4E75E7064993}.Debug|Any CPU.Build.0 = Debug|Any CPU
		{2DE3110E-DB31-46A8-8A47-4E75E7064993}.Release|Any CPU.ActiveCfg = Release|Any CPU
		{2DE3110E-DB31-46A8-8A47-4E75E7064993}.Release|Any CPU.Build.0 = Release|Any CPU
	EndGlobalSection
	GlobalSection(SolutionProperties) = preSolution
		HideSolutionNode = FALSE
	EndGlobalSection
	GlobalSection(ExtensibilityGlobals) = postSolution
		SolutionGuid = {26243362-6904-42AE-9B59-7884C5F1BD3D}
	EndGlobalSection
EndGlobal
