
Microsoft Visual Studio Solution File, Format Version 12.00
# Visual Studio Version 16
VisualStudioVersion = 16.0.29424.173
MinimumVisualStudioVersion = 10.0.40219.1
Project("{9A19103F-16F7-4668-BE54-9A1E7A4F7556}") = "DependencyInjection", "DependencyInjection\DependencyInjection.csproj", "{5075C15A-F31B-4F50-A807-6FF04C279954}"
EndProject
Project("{9A19103F-16F7-4668-BE54-9A1E7A4F7556}") = "SwaggerUssage", "SwaggerUsage\SwaggerUssage.csproj", "{32DD1615-59FF-4C9F-9551-4072DF6CFA5B}"
EndProject
Project("{9A19103F-16F7-4668-BE54-9A1E7A4F7556}") = "WithDatabase", "WithDatabase\WithDatabase.csproj", "{381A2BA3-5341-4F57-A03E-8E1C04F3EFA5}"
EndProject
Global
	GlobalSection(SolutionConfigurationPlatforms) = preSolution
		Debug|Any CPU = Debug|Any CPU
		Release|Any CPU = Release|Any CPU
	EndGlobalSection
	GlobalSection(ProjectConfigurationPlatforms) = postSolution
		{5075C15A-F31B-4F50-A807-6FF04C279954}.Debug|Any CPU.ActiveCfg = Debug|Any CPU
		{5075C15A-F31B-4F50-A807-6FF04C279954}.Debug|Any CPU.Build.0 = Debug|Any CPU
		{5075C15A-F31B-4F50-A807-6FF04C279954}.Release|Any CPU.ActiveCfg = Release|Any CPU
		{5075C15A-F31B-4F50-A807-6FF04C279954}.Release|Any CPU.Build.0 = Release|Any CPU
		{32DD1615-59FF-4C9F-9551-4072DF6CFA5B}.Debug|Any CPU.ActiveCfg = Debug|Any CPU
		{32DD1615-59FF-4C9F-9551-4072DF6CFA5B}.Debug|Any CPU.Build.0 = Debug|Any CPU
		{32DD1615-59FF-4C9F-9551-4072DF6CFA5B}.Release|Any CPU.ActiveCfg = Release|Any CPU
		{32DD1615-59FF-4C9F-9551-4072DF6CFA5B}.Release|Any CPU.Build.0 = Release|Any CPU
		{381A2BA3-5341-4F57-A03E-8E1C04F3EFA5}.Debug|Any CPU.ActiveCfg = Debug|Any CPU
		{381A2BA3-5341-4F57-A03E-8E1C04F3EFA5}.Debug|Any CPU.Build.0 = Debug|Any CPU
		{381A2BA3-5341-4F57-A03E-8E1C04F3EFA5}.Release|Any CPU.ActiveCfg = Release|Any CPU
		{381A2BA3-5341-4F57-A03E-8E1C04F3EFA5}.Release|Any CPU.Build.0 = Release|Any CPU
	EndGlobalSection
	GlobalSection(SolutionProperties) = preSolution
		HideSolutionNode = FALSE
	EndGlobalSection
	GlobalSection(ExtensibilityGlobals) = postSolution
		SolutionGuid = {E68EEEBF-0A48-4FF6-B605-ED0B92400638}
	EndGlobalSection
EndGlobal
