
Microsoft Visual Studio Solution File, Format Version 12.00
# Visual Studio Version 16
VisualStudioVersion = 16.0.29201.188
MinimumVisualStudioVersion = 10.0.40219.1
Project("{9A19103F-16F7-4668-BE54-9A1E7A4F7556}") = "Prodavnica", "Prodavnica.csproj", "{0EB73B9D-5964-4E3F-B430-FF13E4CB301D}"
EndProject
Project("{9A19103F-16F7-4668-BE54-9A1E7A4F7556}") = "XUnitTestProdavnica", "..\XUnitTestProdavnica\XUnitTestProdavnica.csproj", "{6B532BA9-54AA-4F1A-9006-F881FB6AF390}"
EndProject
Global
	GlobalSection(SolutionConfigurationPlatforms) = preSolution
		Debug|Any CPU = Debug|Any CPU
		Release|Any CPU = Release|Any CPU
	EndGlobalSection
	GlobalSection(ProjectConfigurationPlatforms) = postSolution
		{0EB73B9D-5964-4E3F-B430-FF13E4CB301D}.Debug|Any CPU.ActiveCfg = Debug|Any CPU
		{0EB73B9D-5964-4E3F-B430-FF13E4CB301D}.Debug|Any CPU.Build.0 = Debug|Any CPU
		{0EB73B9D-5964-4E3F-B430-FF13E4CB301D}.Release|Any CPU.ActiveCfg = Release|Any CPU
		{0EB73B9D-5964-4E3F-B430-FF13E4CB301D}.Release|Any CPU.Build.0 = Release|Any CPU
		{6B532BA9-54AA-4F1A-9006-F881FB6AF390}.Debug|Any CPU.ActiveCfg = Debug|Any CPU
		{6B532BA9-54AA-4F1A-9006-F881FB6AF390}.Debug|Any CPU.Build.0 = Debug|Any CPU
		{6B532BA9-54AA-4F1A-9006-F881FB6AF390}.Release|Any CPU.ActiveCfg = Release|Any CPU
		{6B532BA9-54AA-4F1A-9006-F881FB6AF390}.Release|Any CPU.Build.0 = Release|Any CPU
	EndGlobalSection
	GlobalSection(SolutionProperties) = preSolution
		HideSolutionNode = FALSE
	EndGlobalSection
	GlobalSection(ExtensibilityGlobals) = postSolution
		SolutionGuid = {E59837F3-30BD-4F93-A194-443E5B84D997}
	EndGlobalSection
EndGlobal
