
Microsoft Visual Studio Solution File, Format Version 12.00
# Visual Studio Version 16
VisualStudioVersion = 16.0.29201.188
MinimumVisualStudioVersion = 10.0.40219.1
Project("{9A19103F-16F7-4668-BE54-9A1E7A4F7556}") = "Uvod", "Uvod.csproj", "{B6CCABE2-C35B-4266-AAA3-251E4C6A0FD7}"
EndProject
Global
	GlobalSection(SolutionConfigurationPlatforms) = preSolution
		Debug|Any CPU = Debug|Any CPU
		Release|Any CPU = Release|Any CPU
	EndGlobalSection
	GlobalSection(ProjectConfigurationPlatforms) = postSolution
		{B6CCABE2-C35B-4266-AAA3-251E4C6A0FD7}.Debug|Any CPU.ActiveCfg = Debug|Any CPU
		{B6CCABE2-C35B-4266-AAA3-251E4C6A0FD7}.Debug|Any CPU.Build.0 = Debug|Any CPU
		{B6CCABE2-C35B-4266-AAA3-251E4C6A0FD7}.Release|Any CPU.ActiveCfg = Release|Any CPU
		{B6CCABE2-C35B-4266-AAA3-251E4C6A0FD7}.Release|Any CPU.Build.0 = Release|Any CPU
	EndGlobalSection
	GlobalSection(SolutionProperties) = preSolution
		HideSolutionNode = FALSE
	EndGlobalSection
	GlobalSection(ExtensibilityGlobals) = postSolution
		SolutionGuid = {DAEF6D58-A59D-4B30-929A-4E2288CA4C57}
	EndGlobalSection
EndGlobal
