
Microsoft Visual Studio Solution File, Format Version 12.00
# Visual Studio Version 16
VisualStudioVersion = 16.0.29424.173
MinimumVisualStudioVersion = 10.0.40219.1
Project("{9A19103F-16F7-4668-BE54-9A1E7A4F7556}") = "HelloConsole", "HelloConsole\HelloConsole.csproj", "{2FAD02D2-9F4D-4489-8D41-326F2CDDBB62}"
EndProject
Project("{9A19103F-16F7-4668-BE54-9A1E7A4F7556}") = "HelloWeb", "HelloWeb\HelloWeb.csproj", "{DF3E7A30-AA10-42BB-A759-5EAC2ED8235C}"
EndProject
Project("{9A19103F-16F7-4668-BE54-9A1E7A4F7556}") = "HelloWebMvcAdo", "HelloWebMvcAdo\HelloWebMvcAdo.csproj", "{DCE9D1C3-8DA5-4C62-99FD-3D76416C2685}"
EndProject
Project("{9A19103F-16F7-4668-BE54-9A1E7A4F7556}") = "HelloWebMvc", "HelloWebMvc\HelloWebMvc.csproj", "{9BDA16AC-35E3-4A6A-A9AD-8C6A682D425E}"
EndProject
Project("{9A19103F-16F7-4668-BE54-9A1E7A4F7556}") = "HelloWebMvcEF", "HelloWebMvcEF\HelloWebMvcEF.csproj", "{B09FF4AA-63B0-4946-A561-4BFC90368117}"
EndProject
Project("{9A19103F-16F7-4668-BE54-9A1E7A4F7556}") = "HelloConsoleEfMySql", "HelloConsoleEfMySql\HelloConsoleEfMySql.csproj", "{95C343B9-0E4A-42FF-A871-1C0D65CF3379}"
EndProject
Project("{9A19103F-16F7-4668-BE54-9A1E7A4F7556}") = "HelloConsoleEfSqlSrv", "HelloConsoleEfSqlSrv\HelloConsoleEfSqlSrv.csproj", "{60D41E6C-BFDF-4A1C-A8C7-6C1EBA7B9E3E}"
EndProject
Project("{9A19103F-16F7-4668-BE54-9A1E7A4F7556}") = "HelloConsoleEfXBoth", "HelloConsoleEfXBoth\HelloConsoleEfXBoth.csproj", "{69193BC9-FA1E-4DDD-9858-6C595C96ECE7}"
EndProject
Project("{2150E333-8FDC-42A3-9474-1A3956D46DE8}") = "01-console", "01-console", "{54D2DC7C-8885-4068-BAEE-DFB162E1CE5B}"
EndProject
Project("{2150E333-8FDC-42A3-9474-1A3956D46DE8}") = "02-console-ef-mysql", "02-console-ef-mysql", "{5C6F6064-F672-444F-8CD7-A238B2000F6B}"
EndProject
Project("{2150E333-8FDC-42A3-9474-1A3956D46DE8}") = "03-console-mssql", "03-console-mssql", "{92E61560-C051-4D6D-A797-45F46ADB4688}"
EndProject
Project("{2150E333-8FDC-42A3-9474-1A3956D46DE8}") = "04-console-both", "04-console-both", "{941262F1-72BF-444D-91DF-49A002E8F67B}"
EndProject
Project("{2150E333-8FDC-42A3-9474-1A3956D46DE8}") = "05-web-razor", "05-web-razor", "{9829B39C-E78F-4A64-8777-FC16A546C5AD}"
EndProject
Project("{2150E333-8FDC-42A3-9474-1A3956D46DE8}") = "06-web-mvc", "06-web-mvc", "{255BFF6A-BB85-4960-8CAD-4F630762235D}"
EndProject
Project("{2150E333-8FDC-42A3-9474-1A3956D46DE8}") = "07-web-mvc-db-ado", "07-web-mvc-db-ado", "{DCA13E2B-85A0-46A9-ADF4-894985B5D7D3}"
EndProject
Project("{2150E333-8FDC-42A3-9474-1A3956D46DE8}") = "08-web-mvc-db-ef", "08-web-mvc-db-ef", "{29DD214C-7548-4FE0-BDAB-057508F979C6}"
EndProject
Global
	GlobalSection(SolutionConfigurationPlatforms) = preSolution
		Debug|Any CPU = Debug|Any CPU
		Release|Any CPU = Release|Any CPU
	EndGlobalSection
	GlobalSection(ProjectConfigurationPlatforms) = postSolution
		{2FAD02D2-9F4D-4489-8D41-326F2CDDBB62}.Debug|Any CPU.ActiveCfg = Debug|Any CPU
		{2FAD02D2-9F4D-4489-8D41-326F2CDDBB62}.Debug|Any CPU.Build.0 = Debug|Any CPU
		{2FAD02D2-9F4D-4489-8D41-326F2CDDBB62}.Release|Any CPU.ActiveCfg = Release|Any CPU
		{2FAD02D2-9F4D-4489-8D41-326F2CDDBB62}.Release|Any CPU.Build.0 = Release|Any CPU
		{DF3E7A30-AA10-42BB-A759-5EAC2ED8235C}.Debug|Any CPU.ActiveCfg = Debug|Any CPU
		{DF3E7A30-AA10-42BB-A759-5EAC2ED8235C}.Debug|Any CPU.Build.0 = Debug|Any CPU
		{DF3E7A30-AA10-42BB-A759-5EAC2ED8235C}.Release|Any CPU.ActiveCfg = Release|Any CPU
		{DF3E7A30-AA10-42BB-A759-5EAC2ED8235C}.Release|Any CPU.Build.0 = Release|Any CPU
		{DCE9D1C3-8DA5-4C62-99FD-3D76416C2685}.Debug|Any CPU.ActiveCfg = Debug|Any CPU
		{DCE9D1C3-8DA5-4C62-99FD-3D76416C2685}.Debug|Any CPU.Build.0 = Debug|Any CPU
		{DCE9D1C3-8DA5-4C62-99FD-3D76416C2685}.Release|Any CPU.ActiveCfg = Release|Any CPU
		{DCE9D1C3-8DA5-4C62-99FD-3D76416C2685}.Release|Any CPU.Build.0 = Release|Any CPU
		{9BDA16AC-35E3-4A6A-A9AD-8C6A682D425E}.Debug|Any CPU.ActiveCfg = Debug|Any CPU
		{9BDA16AC-35E3-4A6A-A9AD-8C6A682D425E}.Debug|Any CPU.Build.0 = Debug|Any CPU
		{9BDA16AC-35E3-4A6A-A9AD-8C6A682D425E}.Release|Any CPU.ActiveCfg = Release|Any CPU
		{9BDA16AC-35E3-4A6A-A9AD-8C6A682D425E}.Release|Any CPU.Build.0 = Release|Any CPU
		{B09FF4AA-63B0-4946-A561-4BFC90368117}.Debug|Any CPU.ActiveCfg = Debug|Any CPU
		{B09FF4AA-63B0-4946-A561-4BFC90368117}.Debug|Any CPU.Build.0 = Debug|Any CPU
		{B09FF4AA-63B0-4946-A561-4BFC90368117}.Release|Any CPU.ActiveCfg = Release|Any CPU
		{B09FF4AA-63B0-4946-A561-4BFC90368117}.Release|Any CPU.Build.0 = Release|Any CPU
		{95C343B9-0E4A-42FF-A871-1C0D65CF3379}.Debug|Any CPU.ActiveCfg = Debug|Any CPU
		{95C343B9-0E4A-42FF-A871-1C0D65CF3379}.Debug|Any CPU.Build.0 = Debug|Any CPU
		{95C343B9-0E4A-42FF-A871-1C0D65CF3379}.Release|Any CPU.ActiveCfg = Release|Any CPU
		{95C343B9-0E4A-42FF-A871-1C0D65CF3379}.Release|Any CPU.Build.0 = Release|Any CPU
		{60D41E6C-BFDF-4A1C-A8C7-6C1EBA7B9E3E}.Debug|Any CPU.ActiveCfg = Debug|Any CPU
		{60D41E6C-BFDF-4A1C-A8C7-6C1EBA7B9E3E}.Debug|Any CPU.Build.0 = Debug|Any CPU
		{60D41E6C-BFDF-4A1C-A8C7-6C1EBA7B9E3E}.Release|Any CPU.ActiveCfg = Release|Any CPU
		{60D41E6C-BFDF-4A1C-A8C7-6C1EBA7B9E3E}.Release|Any CPU.Build.0 = Release|Any CPU
		{69193BC9-FA1E-4DDD-9858-6C595C96ECE7}.Debug|Any CPU.ActiveCfg = Debug|Any CPU
		{69193BC9-FA1E-4DDD-9858-6C595C96ECE7}.Debug|Any CPU.Build.0 = Debug|Any CPU
		{69193BC9-FA1E-4DDD-9858-6C595C96ECE7}.Release|Any CPU.ActiveCfg = Release|Any CPU
		{69193BC9-FA1E-4DDD-9858-6C595C96ECE7}.Release|Any CPU.Build.0 = Release|Any CPU
	EndGlobalSection
	GlobalSection(SolutionProperties) = preSolution
		HideSolutionNode = FALSE
	EndGlobalSection
	GlobalSection(NestedProjects) = preSolution
		{2FAD02D2-9F4D-4489-8D41-326F2CDDBB62} = {54D2DC7C-8885-4068-BAEE-DFB162E1CE5B}
		{DF3E7A30-AA10-42BB-A759-5EAC2ED8235C} = {9829B39C-E78F-4A64-8777-FC16A546C5AD}
		{DCE9D1C3-8DA5-4C62-99FD-3D76416C2685} = {DCA13E2B-85A0-46A9-ADF4-894985B5D7D3}
		{9BDA16AC-35E3-4A6A-A9AD-8C6A682D425E} = {255BFF6A-BB85-4960-8CAD-4F630762235D}
		{B09FF4AA-63B0-4946-A561-4BFC90368117} = {29DD214C-7548-4FE0-BDAB-057508F979C6}
		{95C343B9-0E4A-42FF-A871-1C0D65CF3379} = {5C6F6064-F672-444F-8CD7-A238B2000F6B}
		{60D41E6C-BFDF-4A1C-A8C7-6C1EBA7B9E3E} = {92E61560-C051-4D6D-A797-45F46ADB4688}
		{69193BC9-FA1E-4DDD-9858-6C595C96ECE7} = {941262F1-72BF-444D-91DF-49A002E8F67B}
	EndGlobalSection
	GlobalSection(ExtensibilityGlobals) = postSolution
		SolutionGuid = {7B7CED3A-6F40-4B0C-919E-23BB8CEA35F2}
	EndGlobalSection
EndGlobal
